
Microsoft Visual Studio Solution File, Format Version 12.00
# Visual Studio Version 16
VisualStudioVersion = 16.0.28803.452
MinimumVisualStudioVersion = 10.0.40219.1
Project("{FAE04EC0-301F-11D3-BF4B-00C04F79EFBC}") = "TestA", "TestA\TestA.csproj", "{A6C03C34-3B3B-441E-AD7E-1312F4C85033}"
EndProject
Project("{FAE04EC0-301F-11D3-BF4B-00C04F79EFBC}") = "TestB", "TestB\TestB.csproj", "{97E3DE48-3CF6-468E-848F-3A6BE685E346}"
EndProject
Project("{FAE04EC0-301F-11D3-BF4B-00C04F79EFBC}") = "TestC", "TestC\TestC.csproj", "{0B593B50-6DBF-4311-8A4D-18F08F6CE7ED}"
EndProject
Global
	GlobalSection(SolutionConfigurationPlatforms) = preSolution
		Debug|Any CPU = Debug|Any CPU
		Release|Any CPU = Release|Any CPU
	EndGlobalSection
	GlobalSection(ProjectConfigurationPlatforms) = postSolution
		{A6C03C34-3B3B-441E-AD7E-1312F4C85033}.Debug|Any CPU.ActiveCfg = Debug|Any CPU
		{A6C03C34-3B3B-441E-AD7E-1312F4C85033}.Debug|Any CPU.Build.0 = Debug|Any CPU
		{A6C03C34-3B3B-441E-AD7E-1312F4C85033}.Release|Any CPU.ActiveCfg = Release|Any CPU
		{A6C03C34-3B3B-441E-AD7E-1312F4C85033}.Release|Any CPU.Build.0 = Release|Any CPU
		{97E3DE48-3CF6-468E-848F-3A6BE685E346}.Debug|Any CPU.ActiveCfg = Debug|Any CPU
		{97E3DE48-3CF6-468E-848F-3A6BE685E346}.Debug|Any CPU.Build.0 = Debug|Any CPU
		{97E3DE48-3CF6-468E-848F-3A6BE685E346}.Release|Any CPU.ActiveCfg = Release|Any CPU
		{97E3DE48-3CF6-468E-848F-3A6BE685E346}.Release|Any CPU.Build.0 = Release|Any CPU
		{0B593B50-6DBF-4311-8A4D-18F08F6CE7ED}.Debug|Any CPU.ActiveCfg = Debug|Any CPU
		{0B593B50-6DBF-4311-8A4D-18F08F6CE7ED}.Debug|Any CPU.Build.0 = Debug|Any CPU
		{0B593B50-6DBF-4311-8A4D-18F08F6CE7ED}.Release|Any CPU.ActiveCfg = Release|Any CPU
		{0B593B50-6DBF-4311-8A4D-18F08F6CE7ED}.Release|Any CPU.Build.0 = Release|Any CPU
	EndGlobalSection
	GlobalSection(SolutionProperties) = preSolution
		HideSolutionNode = FALSE
	EndGlobalSection
	GlobalSection(ExtensibilityGlobals) = postSolution
		SolutionGuid = {373C9ECA-EEB4-4FDF-B2C4-93215E76525E}
	EndGlobalSection
EndGlobal
